
Microsoft Visual Studio Solution File, Format Version 12.00
# Visual Studio Version 16
VisualStudioVersion = 16.0.30804.86
MinimumVisualStudioVersion = 10.0.40219.1
Project("{FAE04EC0-301F-11D3-BF4B-00C04F79EFBC}") = "project", "project\project.csproj", "{1543A733-FE96-4F9F-B9E7-C34B2BBCBF79}"
EndProject
Global
	GlobalSection(SolutionConfigurationPlatforms) = preSolution
		Debug|Any CPU = Debug|Any CPU
		Release|Any CPU = Release|Any CPU
	EndGlobalSection
	GlobalSection(ProjectConfigurationPlatforms) = postSolution
		{1543A733-FE96-4F9F-B9E7-C34B2BBCBF79}.Debug|Any CPU.ActiveCfg = Debug|Any CPU
		{1543A733-FE96-4F9F-B9E7-C34B2BBCBF79}.Debug|Any CPU.Build.0 = Debug|Any CPU
		{1543A733-FE96-4F9F-B9E7-C34B2BBCBF79}.Release|Any CPU.ActiveCfg = Release|Any CPU
		{1543A733-FE96-4F9F-B9E7-C34B2BBCBF79}.Release|Any CPU.Build.0 = Release|Any CPU
	EndGlobalSection
	GlobalSection(SolutionProperties) = preSolution
		HideSolutionNode = FALSE
	EndGlobalSection
	GlobalSection(ExtensibilityGlobals) = postSolution
		SolutionGuid = {07855899-8AC3-4136-BC30-933C7D773A33}
	EndGlobalSection
EndGlobal
